<?xml version="1.0" encoding="utf-8"?>
<Project ToolsVersion="4.0" xmlns="http://schemas.microsoft.com/developer/msbuild/2003">
  <ItemGroup>
    <ClCompile Include="BackGround.cpp" />
    <ClCompile Include="Bell.cpp" />
    <ClCompile Include="CollectItem.cpp" />
    <ClCompile Include="EdgeManagement.cpp" />
    <ClCompile Include="Enemy.cpp" />
    <ClCompile Include="EnemyPath.cpp" />
    <ClCompile Include="EngineTest.cpp" />
    <ClCompile Include="Game.cpp" />
    <ClCompile Include="GameCamera.cpp" />
    <ClCompile Include="GameOver.cpp" />
    <ClCompile Include="GameTimeScreen.cpp" />
    <ClCompile Include="main.cpp" />
    <ClCompile Include="Player.cpp" />
    <ClCompile Include="Score.cpp" />
    <ClCompile Include="stdafx.cpp" />
    <ClCompile Include="system\system.cpp" />
    <ClCompile Include="TitleCamera.cpp" />
    <ClCompile Include="TitleSprite.cpp" />
    <ClCompile Include="TitleText.cpp" />
    <ClCompile Include="GameOverEffect.cpp" />
    <ClCompile Include="Result.cpp" />
    <ClCompile Include="ScreenEffect.cpp" />
  </ItemGroup>
  <ItemGroup>
    <ClInclude Include="BackGround.h" />
    <ClInclude Include="Bell.h" />
    <ClInclude Include="CollectItem.h" />
    <ClInclude Include="EdgeManagement.h" />
    <ClInclude Include="Enemy.h" />
    <ClInclude Include="EnemyPath.h" />
    <ClInclude Include="EngineTest.h" />
    <ClInclude Include="Game.h" />
    <ClInclude Include="GameCamera.h" />
    <ClInclude Include="GameOver.h" />
    <ClInclude Include="GameTimeScreen.h" />
    <ClInclude Include="Player.h" />
    <ClInclude Include="resource.h" />
    <ClInclude Include="Score.h" />
    <ClInclude Include="stdafx.h" />
    <ClInclude Include="system\system.h" />
    <ClInclude Include="TitleCamera.h" />
    <ClInclude Include="TitleSprite.h" />
    <ClInclude Include="TitleText.h" />
    <ClInclude Include="GameOverEffect.h" />
    <ClInclude Include="Result.h" />
    <ClInclude Include="ScreenEffect.h" />
  </ItemGroup>
  <ItemGroup>
    <ResourceCompile Include="Game.rc" />
  </ItemGroup>
</Project>